
Microsoft Visual Studio Solution File, Format Version 12.00
# Visual Studio 15
VisualStudioVersion = 15.0.26430.13
MinimumVisualStudioVersion = 10.0.40219.1
Project("{002A2DE9-8BB6-484D-9802-7E4AD4084715}") = "dreams", "dreams.visualdproj", "{3E6938BE-9BA8-4D6C-9196-84989E41964C}"
	ProjectSection(ProjectDependencies) = postProject
		{EA5F035F-F27A-4A66-B986-C6B3550ACF50} = {EA5F035F-F27A-4A66-B986-C6B3550ACF50}
		{4CAABC66-4EFA-4738-991A-2A1B4C012451} = {4CAABC66-4EFA-4738-991A-2A1B4C012451}
		{C13A9474-AA8F-4BEA-9A82-055047E85D7B} = {C13A9474-AA8F-4BEA-9A82-055047E85D7B}
		{E69B499B-AC77-4599-8FAE-DA37E4A91D72} = {E69B499B-AC77-4599-8FAE-DA37E4A91D72}
		{B88F75A4-A4BE-4954-9BA9-86BF93607C96} = {B88F75A4-A4BE-4954-9BA9-86BF93607C96}
		{5DE581CE-256A-4990-90D2-EF08EE541903} = {5DE581CE-256A-4990-90D2-EF08EE541903}
		{0B0D4FFA-8EE2-45A1-B514-DF043D62ED1A} = {0B0D4FFA-8EE2-45A1-B514-DF043D62ED1A}
		{2CB181FA-095B-4B89-8DCF-2DEBD7227CBE} = {2CB181FA-095B-4B89-8DCF-2DEBD7227CBE}
	EndProjectSection
EndProject
Project("{8BC9CEB8-8B4A-11D0-8D11-00A0C91BC942}") = "libjpeg", "ext\libjpeg\libjpeg.vcxproj", "{4CAABC66-4EFA-4738-991A-2A1B4C012451}"
EndProject
Project("{8BC9CEB8-8B4A-11D0-8D11-00A0C91BC942}") = "libpng", "ext\libpng\libpng.vcxproj", "{EA5F035F-F27A-4A66-B986-C6B3550ACF50}"
EndProject
Project("{8BC9CEB8-8B4A-11D0-8D11-00A0C91BC942}") = "freetype", "ext\freetype\freetype.vcxproj", "{E69B499B-AC77-4599-8FAE-DA37E4A91D72}"
EndProject
Project("{8BC9CEB8-8B4A-11D0-8D11-00A0C91BC942}") = "libogg", "ext\libogg\libogg.vcxproj", "{C13A9474-AA8F-4BEA-9A82-055047E85D7B}"
EndProject
Project("{8BC9CEB8-8B4A-11D0-8D11-00A0C91BC942}") = "libvorbis", "ext\libvorbis\libvorbis.vcxproj", "{2CB181FA-095B-4B89-8DCF-2DEBD7227CBE}"
EndProject
Project("{8BC9CEB8-8B4A-11D0-8D11-00A0C91BC942}") = "libvorbisfile", "ext\libvorbis\libvorbisfile.vcxproj", "{B88F75A4-A4BE-4954-9BA9-86BF93607C96}"
EndProject
Project("{8BC9CEB8-8B4A-11D0-8D11-00A0C91BC942}") = "libaudio", "libaudio\libaudio.vcxproj", "{0B0D4FFA-8EE2-45A1-B514-DF043D62ED1A}"
EndProject
Project("{8BC9CEB8-8B4A-11D0-8D11-00A0C91BC942}") = "libimage", "libimage\libimage.vcxproj", "{5DE581CE-256A-4990-90D2-EF08EE541903}"
EndProject
Global
	GlobalSection(SolutionConfigurationPlatforms) = preSolution
		Debug|Win32 = Debug|Win32
		Release|Win32 = Release|Win32
	EndGlobalSection
	GlobalSection(ProjectConfigurationPlatforms) = postSolution
		{3E6938BE-9BA8-4D6C-9196-84989E41964C}.Debug|Win32.ActiveCfg = Debug|Win32
		{3E6938BE-9BA8-4D6C-9196-84989E41964C}.Debug|Win32.Build.0 = Debug|Win32
		{3E6938BE-9BA8-4D6C-9196-84989E41964C}.Release|Win32.ActiveCfg = Release|Win32
		{3E6938BE-9BA8-4D6C-9196-84989E41964C}.Release|Win32.Build.0 = Release|Win32
		{4CAABC66-4EFA-4738-991A-2A1B4C012451}.Debug|Win32.ActiveCfg = Debug|Win32
		{4CAABC66-4EFA-4738-991A-2A1B4C012451}.Debug|Win32.Build.0 = Debug|Win32
		{4CAABC66-4EFA-4738-991A-2A1B4C012451}.Release|Win32.ActiveCfg = Release|Win32
		{4CAABC66-4EFA-4738-991A-2A1B4C012451}.Release|Win32.Build.0 = Release|Win32
		{EA5F035F-F27A-4A66-B986-C6B3550ACF50}.Debug|Win32.ActiveCfg = Debug|Win32
		{EA5F035F-F27A-4A66-B986-C6B3550ACF50}.Debug|Win32.Build.0 = Debug|Win32
		{EA5F035F-F27A-4A66-B986-C6B3550ACF50}.Release|Win32.ActiveCfg = Release|Win32
		{EA5F035F-F27A-4A66-B986-C6B3550ACF50}.Release|Win32.Build.0 = Release|Win32
		{E69B499B-AC77-4599-8FAE-DA37E4A91D72}.Debug|Win32.ActiveCfg = Debug|Win32
		{E69B499B-AC77-4599-8FAE-DA37E4A91D72}.Debug|Win32.Build.0 = Debug|Win32
		{E69B499B-AC77-4599-8FAE-DA37E4A91D72}.Release|Win32.ActiveCfg = Release|Win32
		{E69B499B-AC77-4599-8FAE-DA37E4A91D72}.Release|Win32.Build.0 = Release|Win32
		{C13A9474-AA8F-4BEA-9A82-055047E85D7B}.Debug|Win32.ActiveCfg = Debug|Win32
		{C13A9474-AA8F-4BEA-9A82-055047E85D7B}.Debug|Win32.Build.0 = Debug|Win32
		{C13A9474-AA8F-4BEA-9A82-055047E85D7B}.Release|Win32.ActiveCfg = Release|Win32
		{C13A9474-AA8F-4BEA-9A82-055047E85D7B}.Release|Win32.Build.0 = Release|Win32
		{2CB181FA-095B-4B89-8DCF-2DEBD7227CBE}.Debug|Win32.ActiveCfg = Debug|Win32
		{2CB181FA-095B-4B89-8DCF-2DEBD7227CBE}.Debug|Win32.Build.0 = Debug|Win32
		{2CB181FA-095B-4B89-8DCF-2DEBD7227CBE}.Release|Win32.ActiveCfg = Release|Win32
		{2CB181FA-095B-4B89-8DCF-2DEBD7227CBE}.Release|Win32.Build.0 = Release|Win32
		{B88F75A4-A4BE-4954-9BA9-86BF93607C96}.Debug|Win32.ActiveCfg = Debug|Win32
		{B88F75A4-A4BE-4954-9BA9-86BF93607C96}.Debug|Win32.Build.0 = Debug|Win32
		{B88F75A4-A4BE-4954-9BA9-86BF93607C96}.Release|Win32.ActiveCfg = Release|Win32
		{B88F75A4-A4BE-4954-9BA9-86BF93607C96}.Release|Win32.Build.0 = Release|Win32
		{0B0D4FFA-8EE2-45A1-B514-DF043D62ED1A}.Debug|Win32.ActiveCfg = Debug|Win32
		{0B0D4FFA-8EE2-45A1-B514-DF043D62ED1A}.Debug|Win32.Build.0 = Debug|Win32
		{0B0D4FFA-8EE2-45A1-B514-DF043D62ED1A}.Release|Win32.ActiveCfg = Release|Win32
		{0B0D4FFA-8EE2-45A1-B514-DF043D62ED1A}.Release|Win32.Build.0 = Release|Win32
		{5DE581CE-256A-4990-90D2-EF08EE541903}.Debug|Win32.ActiveCfg = Debug|Win32
		{5DE581CE-256A-4990-90D2-EF08EE541903}.Debug|Win32.Build.0 = Debug|Win32
		{5DE581CE-256A-4990-90D2-EF08EE541903}.Release|Win32.ActiveCfg = Release|Win32
		{5DE581CE-256A-4990-90D2-EF08EE541903}.Release|Win32.Build.0 = Release|Win32
	EndGlobalSection
	GlobalSection(SolutionProperties) = preSolution
		HideSolutionNode = FALSE
	EndGlobalSection
EndGlobal
